
Microsoft Visual Studio Solution File, Format Version 11.00
# Visual Studio 2010
Project("{FAE04EC0-301F-11D3-BF4B-00C04F79EFBC}") = "Simple.Data.Mysql.Mysql40", "Simple.Data.Mysql.Mysql40\Simple.Data.Mysql.Mysql40.csproj", "{6BB6D48E-E2AB-4AF7-8FE3-10A3AACE3FC7}"
EndProject
Project("{2150E333-8FDC-42A3-9474-1A3956D46DE8}") = "Tests", "Tests", "{351816E0-7DD4-440B-AA77-9F3F85709606}"
EndProject
Project("{FAE04EC0-301F-11D3-BF4B-00C04F79EFBC}") = "Simple.Data.Mysql.Mysql40Test", "Simple.Data.Mysql.Mysql40Test\Simple.Data.Mysql.Mysql40Test.csproj", "{B6507B06-C337-4661-B5D0-E23786CDEE87}"
EndProject
Project("{FAE04EC0-301F-11D3-BF4B-00C04F79EFBC}") = "Simple.Data.Mysql.MysqlSchemaDataProvider40Test", "Simple.Data.Mysql.MysqlSchemaDataProvider40Test\Simple.Data.Mysql.MysqlSchemaDataProvider40Test.csproj", "{04A7F3D6-43B7-4606-BD1C-DBA0D26B3A32}"
EndProject
Global
	GlobalSection(SolutionConfigurationPlatforms) = preSolution
		Debug|Any CPU = Debug|Any CPU
		Debug|x86 = Debug|x86
		Release|Any CPU = Release|Any CPU
		Release|x86 = Release|x86
	EndGlobalSection
	GlobalSection(ProjectConfigurationPlatforms) = postSolution
		{6BB6D48E-E2AB-4AF7-8FE3-10A3AACE3FC7}.Debug|Any CPU.ActiveCfg = Debug|Any CPU
		{6BB6D48E-E2AB-4AF7-8FE3-10A3AACE3FC7}.Debug|Any CPU.Build.0 = Debug|Any CPU
		{6BB6D48E-E2AB-4AF7-8FE3-10A3AACE3FC7}.Debug|x86.ActiveCfg = Debug|x86
		{6BB6D48E-E2AB-4AF7-8FE3-10A3AACE3FC7}.Debug|x86.Build.0 = Debug|x86
		{6BB6D48E-E2AB-4AF7-8FE3-10A3AACE3FC7}.Release|Any CPU.ActiveCfg = Release|Any CPU
		{6BB6D48E-E2AB-4AF7-8FE3-10A3AACE3FC7}.Release|Any CPU.Build.0 = Release|Any CPU
		{6BB6D48E-E2AB-4AF7-8FE3-10A3AACE3FC7}.Release|x86.ActiveCfg = Release|x86
		{6BB6D48E-E2AB-4AF7-8FE3-10A3AACE3FC7}.Release|x86.Build.0 = Release|x86
		{B6507B06-C337-4661-B5D0-E23786CDEE87}.Debug|Any CPU.ActiveCfg = Debug|Any CPU
		{B6507B06-C337-4661-B5D0-E23786CDEE87}.Debug|Any CPU.Build.0 = Debug|Any CPU
		{B6507B06-C337-4661-B5D0-E23786CDEE87}.Debug|x86.ActiveCfg = Debug|x86
		{B6507B06-C337-4661-B5D0-E23786CDEE87}.Debug|x86.Build.0 = Debug|x86
		{B6507B06-C337-4661-B5D0-E23786CDEE87}.Release|Any CPU.ActiveCfg = Release|Any CPU
		{B6507B06-C337-4661-B5D0-E23786CDEE87}.Release|Any CPU.Build.0 = Release|Any CPU
		{B6507B06-C337-4661-B5D0-E23786CDEE87}.Release|x86.ActiveCfg = Release|x86
		{B6507B06-C337-4661-B5D0-E23786CDEE87}.Release|x86.Build.0 = Release|x86
		{04A7F3D6-43B7-4606-BD1C-DBA0D26B3A32}.Debug|Any CPU.ActiveCfg = Debug|Any CPU
		{04A7F3D6-43B7-4606-BD1C-DBA0D26B3A32}.Debug|Any CPU.Build.0 = Debug|Any CPU
		{04A7F3D6-43B7-4606-BD1C-DBA0D26B3A32}.Debug|x86.ActiveCfg = Debug|Any CPU
		{04A7F3D6-43B7-4606-BD1C-DBA0D26B3A32}.Release|Any CPU.ActiveCfg = Release|Any CPU
		{04A7F3D6-43B7-4606-BD1C-DBA0D26B3A32}.Release|Any CPU.Build.0 = Release|Any CPU
		{04A7F3D6-43B7-4606-BD1C-DBA0D26B3A32}.Release|x86.ActiveCfg = Release|Any CPU
	EndGlobalSection
	GlobalSection(SolutionProperties) = preSolution
		HideSolutionNode = FALSE
	EndGlobalSection
	GlobalSection(NestedProjects) = preSolution
		{B6507B06-C337-4661-B5D0-E23786CDEE87} = {351816E0-7DD4-440B-AA77-9F3F85709606}
		{04A7F3D6-43B7-4606-BD1C-DBA0D26B3A32} = {351816E0-7DD4-440B-AA77-9F3F85709606}
	EndGlobalSection
EndGlobal
